
Microsoft Visual Studio Solution File, Format Version 12.00
# Visual Studio Version 16
VisualStudioVersion = 16.0.31321.278
MinimumVisualStudioVersion = 10.0.40219.1
Project("{FAE04EC0-301F-11D3-BF4B-00C04F79EFBC}") = "WebApplication2", "WebApplication2\WebApplication2.csproj", "{217D948B-CDD6-4A5F-81EC-A9673AAF8624}"
EndProject
Global
	GlobalSection(SolutionConfigurationPlatforms) = preSolution
		Debug|Any CPU = Debug|Any CPU
		Release|Any CPU = Release|Any CPU
	EndGlobalSection
	GlobalSection(ProjectConfigurationPlatforms) = postSolution
		{217D948B-CDD6-4A5F-81EC-A9673AAF8624}.Debug|Any CPU.ActiveCfg = Debug|Any CPU
		{217D948B-CDD6-4A5F-81EC-A9673AAF8624}.Debug|Any CPU.Build.0 = Debug|Any CPU
		{217D948B-CDD6-4A5F-81EC-A9673AAF8624}.Release|Any CPU.ActiveCfg = Release|Any CPU
		{217D948B-CDD6-4A5F-81EC-A9673AAF8624}.Release|Any CPU.Build.0 = Release|Any CPU
	EndGlobalSection
	GlobalSection(SolutionProperties) = preSolution
		HideSolutionNode = FALSE
	EndGlobalSection
	GlobalSection(ExtensibilityGlobals) = postSolution
		SolutionGuid = {00741DA8-7690-4F5D-A16B-A37F5C2088C0}
	EndGlobalSection
EndGlobal
